// !$*UTF8*$!
{
	archiveVersion = 1;
	classes = {
	};
	objectVersion = 55;
	objects = {

/* Begin PBXBuildFile section */
		B506AC872815742E00002A8E /* FeedImage.swift in Sources */ = {isa = PBXBuildFile; fileRef = B506AC862815742E00002A8E /* FeedImage.swift */; };
		B506AC892815745600002A8E /* FeedItem.swift in Sources */ = {isa = PBXBuildFile; fileRef = B506AC882815745600002A8E /* FeedItem.swift */; };
		B506AC8C281574AB00002A8E /* URLProtocolStub.swift in Sources */ = {isa = PBXBuildFile; fileRef = B506AC8B281574AB00002A8E /* URLProtocolStub.swift */; };
		B506AC8F281574DD00002A8E /* RemoteFeedLoader.swift in Sources */ = {isa = PBXBuildFile; fileRef = B506AC8E281574DD00002A8E /* RemoteFeedLoader.swift */; };
		B506AC92281575E000002A8E /* LocalFeedStoreTests.swift in Sources */ = {isa = PBXBuildFile; fileRef = B506AC91281575E000002A8E /* LocalFeedStoreTests.swift */; };
		B506AC9428157E6000002A8E /* XCTestCase+Extension.swift in Sources */ = {isa = PBXBuildFile; fileRef = B506AC9328157E6000002A8E /* XCTestCase+Extension.swift */; };
		B506AC972815AAD500002A8E /* LocalFeedStore.swift in Sources */ = {isa = PBXBuildFile; fileRef = B506AC962815AAD500002A8E /* LocalFeedStore.swift */; };
		B506AC992815AC8400002A8E /* FeedCacheTests.swift in Sources */ = {isa = PBXBuildFile; fileRef = B506AC982815AC8400002A8E /* FeedCacheTests.swift */; };
		B506AC9B2815AD7000002A8E /* FeedStore.swift in Sources */ = {isa = PBXBuildFile; fileRef = B506AC9A2815AD7000002A8E /* FeedStore.swift */; };
		B506AC9E2815AED500002A8E /* FeedStoreDataRepresentation.swift in Sources */ = {isa = PBXBuildFile; fileRef = B506AC9D2815AED500002A8E /* FeedStoreDataRepresentation.swift */; };
		B506ACA02815AEF100002A8E /* FeedStoreResult.swift in Sources */ = {isa = PBXBuildFile; fileRef = B506AC9F2815AEF100002A8E /* FeedStoreResult.swift */; };
		B5609C09281554B9004F6D2D /* RijksMuseumApp.swift in Sources */ = {isa = PBXBuildFile; fileRef = B5609C08281554B9004F6D2D /* RijksMuseumApp.swift */; };
		B5609C0B281554B9004F6D2D /* ContentView.swift in Sources */ = {isa = PBXBuildFile; fileRef = B5609C0A281554B9004F6D2D /* ContentView.swift */; };
		B5609C0D281554BB004F6D2D /* Assets.xcassets in Resources */ = {isa = PBXBuildFile; fileRef = B5609C0C281554BB004F6D2D /* Assets.xcassets */; };
		B5609C10281554BB004F6D2D /* Preview Assets.xcassets in Resources */ = {isa = PBXBuildFile; fileRef = B5609C0F281554BB004F6D2D /* Preview Assets.xcassets */; };
		B5609C24281554BC004F6D2D /* RijksMuseumUITests.swift in Sources */ = {isa = PBXBuildFile; fileRef = B5609C23281554BC004F6D2D /* RijksMuseumUITests.swift */; };
		B5609C26281554BC004F6D2D /* RijksMuseumUITestsLaunchTests.swift in Sources */ = {isa = PBXBuildFile; fileRef = B5609C25281554BC004F6D2D /* RijksMuseumUITestsLaunchTests.swift */; };
		B5609C3428155514004F6D2D /* RemoteFeedLoaderTests.swift in Sources */ = {isa = PBXBuildFile; fileRef = B5609C3328155514004F6D2D /* RemoteFeedLoaderTests.swift */; };
/* End PBXBuildFile section */

/* Begin PBXContainerItemProxy section */
		B5609C16281554BC004F6D2D /* PBXContainerItemProxy */ = {
			isa = PBXContainerItemProxy;
			containerPortal = B5609BFD281554B9004F6D2D /* Project object */;
			proxyType = 1;
			remoteGlobalIDString = B5609C04281554B9004F6D2D;
			remoteInfo = RijksMuseum;
		};
		B5609C20281554BC004F6D2D /* PBXContainerItemProxy */ = {
			isa = PBXContainerItemProxy;
			containerPortal = B5609BFD281554B9004F6D2D /* Project object */;
			proxyType = 1;
			remoteGlobalIDString = B5609C04281554B9004F6D2D;
			remoteInfo = RijksMuseum;
		};
/* End PBXContainerItemProxy section */

/* Begin PBXFileReference section */
		B506AC862815742E00002A8E /* FeedImage.swift */ = {isa = PBXFileReference; lastKnownFileType = sourcecode.swift; path = FeedImage.swift; sourceTree = "<group>"; };
		B506AC882815745600002A8E /* FeedItem.swift */ = {isa = PBXFileReference; lastKnownFileType = sourcecode.swift; path = FeedItem.swift; sourceTree = "<group>"; };
		B506AC8B281574AB00002A8E /* URLProtocolStub.swift */ = {isa = PBXFileReference; lastKnownFileType = sourcecode.swift; path = URLProtocolStub.swift; sourceTree = "<group>"; };
		B506AC8E281574DD00002A8E /* RemoteFeedLoader.swift */ = {isa = PBXFileReference; lastKnownFileType = sourcecode.swift; path = RemoteFeedLoader.swift; sourceTree = "<group>"; };
		B506AC91281575E000002A8E /* LocalFeedStoreTests.swift */ = {isa = PBXFileReference; lastKnownFileType = sourcecode.swift; path = LocalFeedStoreTests.swift; sourceTree = "<group>"; };
		B506AC9328157E6000002A8E /* XCTestCase+Extension.swift */ = {isa = PBXFileReference; lastKnownFileType = sourcecode.swift; path = "XCTestCase+Extension.swift"; sourceTree = "<group>"; };
		B506AC962815AAD500002A8E /* LocalFeedStore.swift */ = {isa = PBXFileReference; lastKnownFileType = sourcecode.swift; path = LocalFeedStore.swift; sourceTree = "<group>"; };
		B506AC982815AC8400002A8E /* FeedCacheTests.swift */ = {isa = PBXFileReference; lastKnownFileType = sourcecode.swift; path = FeedCacheTests.swift; sourceTree = "<group>"; };
		B506AC9A2815AD7000002A8E /* FeedStore.swift */ = {isa = PBXFileReference; lastKnownFileType = sourcecode.swift; path = FeedStore.swift; sourceTree = "<group>"; };
		B506AC9D2815AED500002A8E /* FeedStoreDataRepresentation.swift */ = {isa = PBXFileReference; lastKnownFileType = sourcecode.swift; path = FeedStoreDataRepresentation.swift; sourceTree = "<group>"; };
		B506AC9F2815AEF100002A8E /* FeedStoreResult.swift */ = {isa = PBXFileReference; lastKnownFileType = sourcecode.swift; path = FeedStoreResult.swift; sourceTree = "<group>"; };
		B5609C05281554B9004F6D2D /* RijksMuseum.app */ = {isa = PBXFileReference; explicitFileType = wrapper.application; includeInIndex = 0; path = RijksMuseum.app; sourceTree = BUILT_PRODUCTS_DIR; };
		B5609C08281554B9004F6D2D /* RijksMuseumApp.swift */ = {isa = PBXFileReference; lastKnownFileType = sourcecode.swift; path = RijksMuseumApp.swift; sourceTree = "<group>"; };
		B5609C0A281554B9004F6D2D /* ContentView.swift */ = {isa = PBXFileReference; lastKnownFileType = sourcecode.swift; path = ContentView.swift; sourceTree = "<group>"; };
		B5609C0C281554BB004F6D2D /* Assets.xcassets */ = {isa = PBXFileReference; lastKnownFileType = folder.assetcatalog; path = Assets.xcassets; sourceTree = "<group>"; };
		B5609C0F281554BB004F6D2D /* Preview Assets.xcassets */ = {isa = PBXFileReference; lastKnownFileType = folder.assetcatalog; path = "Preview Assets.xcassets"; sourceTree = "<group>"; };
		B5609C15281554BC004F6D2D /* RijksMuseumTests.xctest */ = {isa = PBXFileReference; explicitFileType = wrapper.cfbundle; includeInIndex = 0; path = RijksMuseumTests.xctest; sourceTree = BUILT_PRODUCTS_DIR; };
		B5609C1F281554BC004F6D2D /* RijksMuseumUITests.xctest */ = {isa = PBXFileReference; explicitFileType = wrapper.cfbundle; includeInIndex = 0; path = RijksMuseumUITests.xctest; sourceTree = BUILT_PRODUCTS_DIR; };
		B5609C23281554BC004F6D2D /* RijksMuseumUITests.swift */ = {isa = PBXFileReference; lastKnownFileType = sourcecode.swift; path = RijksMuseumUITests.swift; sourceTree = "<group>"; };
		B5609C25281554BC004F6D2D /* RijksMuseumUITestsLaunchTests.swift */ = {isa = PBXFileReference; lastKnownFileType = sourcecode.swift; path = RijksMuseumUITestsLaunchTests.swift; sourceTree = "<group>"; };
		B5609C32281554ED004F6D2D /* README.md */ = {isa = PBXFileReference; lastKnownFileType = net.daringfireball.markdown; path = README.md; sourceTree = "<group>"; };
		B5609C3328155514004F6D2D /* RemoteFeedLoaderTests.swift */ = {isa = PBXFileReference; lastKnownFileType = sourcecode.swift; path = RemoteFeedLoaderTests.swift; sourceTree = "<group>"; };
/* End PBXFileReference section */

/* Begin PBXFrameworksBuildPhase section */
		B5609C02281554B9004F6D2D /* Frameworks */ = {
			isa = PBXFrameworksBuildPhase;
			buildActionMask = 2147483647;
			files = (
			);
			runOnlyForDeploymentPostprocessing = 0;
		};
		B5609C12281554BC004F6D2D /* Frameworks */ = {
			isa = PBXFrameworksBuildPhase;
			buildActionMask = 2147483647;
			files = (
			);
			runOnlyForDeploymentPostprocessing = 0;
		};
		B5609C1C281554BC004F6D2D /* Frameworks */ = {
			isa = PBXFrameworksBuildPhase;
			buildActionMask = 2147483647;
			files = (
			);
			runOnlyForDeploymentPostprocessing = 0;
		};
/* End PBXFrameworksBuildPhase section */

/* Begin PBXGroup section */
		B506AC84281573F600002A8E /* Feed */ = {
			isa = PBXGroup;
			children = (
				B506AC952815AAC400002A8E /* Store */,
				B506AC8D281574CF00002A8E /* Loader */,
				B506AC85281573FE00002A8E /* Model */,
			);
			path = Feed;
			sourceTree = "<group>";
		};
		B506AC85281573FE00002A8E /* Model */ = {
			isa = PBXGroup;
			children = (
				B506AC862815742E00002A8E /* FeedImage.swift */,
				B506AC882815745600002A8E /* FeedItem.swift */,
			);
			path = Model;
			sourceTree = "<group>";
		};
		B506AC8A2815749800002A8E /* Helper */ = {
			isa = PBXGroup;
			children = (
				B506AC8B281574AB00002A8E /* URLProtocolStub.swift */,
				B506AC9328157E6000002A8E /* XCTestCase+Extension.swift */,
			);
			path = Helper;
			sourceTree = "<group>";
		};
		B506AC8D281574CF00002A8E /* Loader */ = {
			isa = PBXGroup;
			children = (
				B506AC8E281574DD00002A8E /* RemoteFeedLoader.swift */,
			);
			path = Loader;
			sourceTree = "<group>";
		};
		B506AC90281575AD00002A8E /* Feed */ = {
			isa = PBXGroup;
			children = (
				B5609C3328155514004F6D2D /* RemoteFeedLoaderTests.swift */,
				B506AC91281575E000002A8E /* LocalFeedStoreTests.swift */,
				B506AC982815AC8400002A8E /* FeedCacheTests.swift */,
			);
			path = Feed;
			sourceTree = "<group>";
		};
		B506AC952815AAC400002A8E /* Store */ = {
			isa = PBXGroup;
			children = (
				B506AC9C2815AEBF00002A8E /* Model */,
				B506AC962815AAD500002A8E /* LocalFeedStore.swift */,
				B506AC9A2815AD7000002A8E /* FeedStore.swift */,
			);
			path = Store;
			sourceTree = "<group>";
		};
		B506AC9C2815AEBF00002A8E /* Model */ = {
			isa = PBXGroup;
			children = (
				B506AC9D2815AED500002A8E /* FeedStoreDataRepresentation.swift */,
				B506AC9F2815AEF100002A8E /* FeedStoreResult.swift */,
			);
			path = Model;
			sourceTree = "<group>";
		};
		B5609BFC281554B9004F6D2D = {
			isa = PBXGroup;
			children = (
				B5609C32281554ED004F6D2D /* README.md */,
				B5609C07281554B9004F6D2D /* RijksMuseum */,
				B5609C18281554BC004F6D2D /* RijksMuseumTests */,
				B5609C22281554BC004F6D2D /* RijksMuseumUITests */,
				B5609C06281554B9004F6D2D /* Products */,
			);
			sourceTree = "<group>";
		};
		B5609C06281554B9004F6D2D /* Products */ = {
			isa = PBXGroup;
			children = (
				B5609C05281554B9004F6D2D /* RijksMuseum.app */,
				B5609C15281554BC004F6D2D /* RijksMuseumTests.xctest */,
				B5609C1F281554BC004F6D2D /* RijksMuseumUITests.xctest */,
			);
			name = Products;
			sourceTree = "<group>";
		};
		B5609C07281554B9004F6D2D /* RijksMuseum */ = {
			isa = PBXGroup;
			children = (
				B506AC84281573F600002A8E /* Feed */,
				B5609C08281554B9004F6D2D /* RijksMuseumApp.swift */,
				B5609C0A281554B9004F6D2D /* ContentView.swift */,
				B5609C0C281554BB004F6D2D /* Assets.xcassets */,
				B5609C0E281554BB004F6D2D /* Preview Content */,
			);
			path = RijksMuseum;
			sourceTree = "<group>";
		};
		B5609C0E281554BB004F6D2D /* Preview Content */ = {
			isa = PBXGroup;
			children = (
				B5609C0F281554BB004F6D2D /* Preview Assets.xcassets */,
			);
			path = "Preview Content";
			sourceTree = "<group>";
		};
		B5609C18281554BC004F6D2D /* RijksMuseumTests */ = {
			isa = PBXGroup;
			children = (
				B506AC90281575AD00002A8E /* Feed */,
				B506AC8A2815749800002A8E /* Helper */,
			);
			path = RijksMuseumTests;
			sourceTree = "<group>";
		};
		B5609C22281554BC004F6D2D /* RijksMuseumUITests */ = {
			isa = PBXGroup;
			children = (
				B5609C23281554BC004F6D2D /* RijksMuseumUITests.swift */,
				B5609C25281554BC004F6D2D /* RijksMuseumUITestsLaunchTests.swift */,
			);
			path = RijksMuseumUITests;
			sourceTree = "<group>";
		};
/* End PBXGroup section */

/* Begin PBXNativeTarget section */
		B5609C04281554B9004F6D2D /* RijksMuseum */ = {
			isa = PBXNativeTarget;
			buildConfigurationList = B5609C29281554BC004F6D2D /* Build configuration list for PBXNativeTarget "RijksMuseum" */;
			buildPhases = (
				B5609C01281554B9004F6D2D /* Sources */,
				B5609C02281554B9004F6D2D /* Frameworks */,
				B5609C03281554B9004F6D2D /* Resources */,
			);
			buildRules = (
			);
			dependencies = (
			);
			name = RijksMuseum;
			productName = RijksMuseum;
			productReference = B5609C05281554B9004F6D2D /* RijksMuseum.app */;
			productType = "com.apple.product-type.application";
		};
		B5609C14281554BC004F6D2D /* RijksMuseumTests */ = {
			isa = PBXNativeTarget;
			buildConfigurationList = B5609C2C281554BC004F6D2D /* Build configuration list for PBXNativeTarget "RijksMuseumTests" */;
			buildPhases = (
				B5609C11281554BC004F6D2D /* Sources */,
				B5609C12281554BC004F6D2D /* Frameworks */,
				B5609C13281554BC004F6D2D /* Resources */,
			);
			buildRules = (
			);
			dependencies = (
				B5609C17281554BC004F6D2D /* PBXTargetDependency */,
			);
			name = RijksMuseumTests;
			productName = RijksMuseumTests;
			productReference = B5609C15281554BC004F6D2D /* RijksMuseumTests.xctest */;
			productType = "com.apple.product-type.bundle.unit-test";
		};
		B5609C1E281554BC004F6D2D /* RijksMuseumUITests */ = {
			isa = PBXNativeTarget;
			buildConfigurationList = B5609C2F281554BC004F6D2D /* Build configuration list for PBXNativeTarget "RijksMuseumUITests" */;
			buildPhases = (
				B5609C1B281554BC004F6D2D /* Sources */,
				B5609C1C281554BC004F6D2D /* Frameworks */,
				B5609C1D281554BC004F6D2D /* Resources */,
			);
			buildRules = (
			);
			dependencies = (
				B5609C21281554BC004F6D2D /* PBXTargetDependency */,
			);
			name = RijksMuseumUITests;
			productName = RijksMuseumUITests;
			productReference = B5609C1F281554BC004F6D2D /* RijksMuseumUITests.xctest */;
			productType = "com.apple.product-type.bundle.ui-testing";
		};
/* End PBXNativeTarget section */

/* Begin PBXProject section */
		B5609BFD281554B9004F6D2D /* Project object */ = {
			isa = PBXProject;
			attributes = {
				BuildIndependentTargetsInParallel = 1;
				LastSwiftUpdateCheck = 1320;
				LastUpgradeCheck = 1320;
				TargetAttributes = {
					B5609C04281554B9004F6D2D = {
						CreatedOnToolsVersion = 13.2.1;
					};
					B5609C14281554BC004F6D2D = {
						CreatedOnToolsVersion = 13.2.1;
						TestTargetID = B5609C04281554B9004F6D2D;
					};
					B5609C1E281554BC004F6D2D = {
						CreatedOnToolsVersion = 13.2.1;
						TestTargetID = B5609C04281554B9004F6D2D;
					};
				};
			};
			buildConfigurationList = B5609C00281554B9004F6D2D /* Build configuration list for PBXProject "RijksMuseum" */;
			compatibilityVersion = "Xcode 13.0";
			developmentRegion = en;
			hasScannedForEncodings = 0;
			knownRegions = (
				en,
				Base,
			);
			mainGroup = B5609BFC281554B9004F6D2D;
			productRefGroup = B5609C06281554B9004F6D2D /* Products */;
			projectDirPath = "";
			projectRoot = "";
			targets = (
				B5609C04281554B9004F6D2D /* RijksMuseum */,
				B5609C14281554BC004F6D2D /* RijksMuseumTests */,
				B5609C1E281554BC004F6D2D /* RijksMuseumUITests */,
			);
		};
/* End PBXProject section */

/* Begin PBXResourcesBuildPhase section */
		B5609C03281554B9004F6D2D /* Resources */ = {
			isa = PBXResourcesBuildPhase;
			buildActionMask = 2147483647;
			files = (
				B5609C10281554BB004F6D2D /* Preview Assets.xcassets in Resources */,
				B5609C0D281554BB004F6D2D /* Assets.xcassets in Resources */,
			);
			runOnlyForDeploymentPostprocessing = 0;
		};
		B5609C13281554BC004F6D2D /* Resources */ = {
			isa = PBXResourcesBuildPhase;
			buildActionMask = 2147483647;
			files = (
			);
			runOnlyForDeploymentPostprocessing = 0;
		};
		B5609C1D281554BC004F6D2D /* Resources */ = {
			isa = PBXResourcesBuildPhase;
			buildActionMask = 2147483647;
			files = (
			);
			runOnlyForDeploymentPostprocessing = 0;
		};
/* End PBXResourcesBuildPhase section */

/* Begin PBXSourcesBuildPhase section */
		B5609C01281554B9004F6D2D /* Sources */ = {
			isa = PBXSourcesBuildPhase;
			buildActionMask = 2147483647;
			files = (
				B506AC892815745600002A8E /* FeedItem.swift in Sources */,
				B5609C0B281554B9004F6D2D /* ContentView.swift in Sources */,
				B5609C09281554B9004F6D2D /* RijksMuseumApp.swift in Sources */,
				B506AC8F281574DD00002A8E /* RemoteFeedLoader.swift in Sources */,
				B506AC9B2815AD7000002A8E /* FeedStore.swift in Sources */,
				B506AC872815742E00002A8E /* FeedImage.swift in Sources */,
				B506AC9E2815AED500002A8E /* FeedStoreDataRepresentation.swift in Sources */,
				B506AC972815AAD500002A8E /* LocalFeedStore.swift in Sources */,
				B506ACA02815AEF100002A8E /* FeedStoreResult.swift in Sources */,
			);
			runOnlyForDeploymentPostprocessing = 0;
		};
		B5609C11281554BC004F6D2D /* Sources */ = {
			isa = PBXSourcesBuildPhase;
			buildActionMask = 2147483647;
			files = (
				B506AC9428157E6000002A8E /* XCTestCase+Extension.swift in Sources */,
				B5609C3428155514004F6D2D /* RemoteFeedLoaderTests.swift in Sources */,
				B506AC992815AC8400002A8E /* FeedCacheTests.swift in Sources */,
				B506AC8C281574AB00002A8E /* URLProtocolStub.swift in Sources */,
				B506AC92281575E000002A8E /* LocalFeedStoreTests.swift in Sources */,
			);
			runOnlyForDeploymentPostprocessing = 0;
		};
		B5609C1B281554BC004F6D2D /* Sources */ = {
			isa = PBXSourcesBuildPhase;
			buildActionMask = 2147483647;
			files = (
				B5609C26281554BC004F6D2D /* RijksMuseumUITestsLaunchTests.swift in Sources */,
				B5609C24281554BC004F6D2D /* RijksMuseumUITests.swift in Sources */,
			);
			runOnlyForDeploymentPostprocessing = 0;
		};
/* End PBXSourcesBuildPhase section */

/* Begin PBXTargetDependency section */
		B5609C17281554BC004F6D2D /* PBXTargetDependency */ = {
			isa = PBXTargetDependency;
			target = B5609C04281554B9004F6D2D /* RijksMuseum */;
			targetProxy = B5609C16281554BC004F6D2D /* PBXContainerItemProxy */;
		};
		B5609C21281554BC004F6D2D /* PBXTargetDependency */ = {
			isa = PBXTargetDependency;
			target = B5609C04281554B9004F6D2D /* RijksMuseum */;
			targetProxy = B5609C20281554BC004F6D2D /* PBXContainerItemProxy */;
		};
/* End PBXTargetDependency section */

/* Begin XCBuildConfiguration section */
		B5609C27281554BC004F6D2D /* Debug */ = {
			isa = XCBuildConfiguration;
			buildSettings = {
				ALWAYS_SEARCH_USER_PATHS = NO;
				CLANG_ANALYZER_NONNULL = YES;
				CLANG_ANALYZER_NUMBER_OBJECT_CONVERSION = YES_AGGRESSIVE;
				CLANG_CXX_LANGUAGE_STANDARD = "gnu++17";
				CLANG_CXX_LIBRARY = "libc++";
				CLANG_ENABLE_MODULES = YES;
				CLANG_ENABLE_OBJC_ARC = YES;
				CLANG_ENABLE_OBJC_WEAK = YES;
				CLANG_WARN_BLOCK_CAPTURE_AUTORELEASING = YES;
				CLANG_WARN_BOOL_CONVERSION = YES;
				CLANG_WARN_COMMA = YES;
				CLANG_WARN_CONSTANT_CONVERSION = YES;
				CLANG_WARN_DEPRECATED_OBJC_IMPLEMENTATIONS = YES;
				CLANG_WARN_DIRECT_OBJC_ISA_USAGE = YES_ERROR;
				CLANG_WARN_DOCUMENTATION_COMMENTS = YES;
				CLANG_WARN_EMPTY_BODY = YES;
				CLANG_WARN_ENUM_CONVERSION = YES;
				CLANG_WARN_INFINITE_RECURSION = YES;
				CLANG_WARN_INT_CONVERSION = YES;
				CLANG_WARN_NON_LITERAL_NULL_CONVERSION = YES;
				CLANG_WARN_OBJC_IMPLICIT_RETAIN_SELF = YES;
				CLANG_WARN_OBJC_LITERAL_CONVERSION = YES;
				CLANG_WARN_OBJC_ROOT_CLASS = YES_ERROR;
				CLANG_WARN_QUOTED_INCLUDE_IN_FRAMEWORK_HEADER = YES;
				CLANG_WARN_RANGE_LOOP_ANALYSIS = YES;
				CLANG_WARN_STRICT_PROTOTYPES = YES;
				CLANG_WARN_SUSPICIOUS_MOVE = YES;
				CLANG_WARN_UNGUARDED_AVAILABILITY = YES_AGGRESSIVE;
				CLANG_WARN_UNREACHABLE_CODE = YES;
				CLANG_WARN__DUPLICATE_METHOD_MATCH = YES;
				COPY_PHASE_STRIP = NO;
				DEBUG_INFORMATION_FORMAT = dwarf;
				ENABLE_STRICT_OBJC_MSGSEND = YES;
				ENABLE_TESTABILITY = YES;
				GCC_C_LANGUAGE_STANDARD = gnu11;
				GCC_DYNAMIC_NO_PIC = NO;
				GCC_NO_COMMON_BLOCKS = YES;
				GCC_OPTIMIZATION_LEVEL = 0;
				GCC_PREPROCESSOR_DEFINITIONS = (
					"DEBUG=1",
					"$(inherited)",
				);
				GCC_WARN_64_TO_32_BIT_CONVERSION = YES;
				GCC_WARN_ABOUT_RETURN_TYPE = YES_ERROR;
				GCC_WARN_UNDECLARED_SELECTOR = YES;
				GCC_WARN_UNINITIALIZED_AUTOS = YES_AGGRESSIVE;
				GCC_WARN_UNUSED_FUNCTION = YES;
				GCC_WARN_UNUSED_VARIABLE = YES;
				IPHONEOS_DEPLOYMENT_TARGET = 15.2;
				MTL_ENABLE_DEBUG_INFO = INCLUDE_SOURCE;
				MTL_FAST_MATH = YES;
				ONLY_ACTIVE_ARCH = YES;
				SDKROOT = iphoneos;
				SWIFT_ACTIVE_COMPILATION_CONDITIONS = DEBUG;
				SWIFT_OPTIMIZATION_LEVEL = "-Onone";
			};
			name = Debug;
		};
		B5609C28281554BC004F6D2D /* Release */ = {
			isa = XCBuildConfiguration;
			buildSettings = {
				ALWAYS_SEARCH_USER_PATHS = NO;
				CLANG_ANALYZER_NONNULL = YES;
				CLANG_ANALYZER_NUMBER_OBJECT_CONVERSION = YES_AGGRESSIVE;
				CLANG_CXX_LANGUAGE_STANDARD = "gnu++17";
				CLANG_CXX_LIBRARY = "libc++";
				CLANG_ENABLE_MODULES = YES;
				CLANG_ENABLE_OBJC_ARC = YES;
				CLANG_ENABLE_OBJC_WEAK = YES;
				CLANG_WARN_BLOCK_CAPTURE_AUTORELEASING = YES;
				CLANG_WARN_BOOL_CONVERSION = YES;
				CLANG_WARN_COMMA = YES;
				CLANG_WARN_CONSTANT_CONVERSION = YES;
				CLANG_WARN_DEPRECATED_OBJC_IMPLEMENTATIONS = YES;
				CLANG_WARN_DIRECT_OBJC_ISA_USAGE = YES_ERROR;
				CLANG_WARN_DOCUMENTATION_COMMENTS = YES;
				CLANG_WARN_EMPTY_BODY = YES;
				CLANG_WARN_ENUM_CONVERSION = YES;
				CLANG_WARN_INFINITE_RECURSION = YES;
				CLANG_WARN_INT_CONVERSION = YES;
				CLANG_WARN_NON_LITERAL_NULL_CONVERSION = YES;
				CLANG_WARN_OBJC_IMPLICIT_RETAIN_SELF = YES;
				CLANG_WARN_OBJC_LITERAL_CONVERSION = YES;
				CLANG_WARN_OBJC_ROOT_CLASS = YES_ERROR;
				CLANG_WARN_QUOTED_INCLUDE_IN_FRAMEWORK_HEADER = YES;
				CLANG_WARN_RANGE_LOOP_ANALYSIS = YES;
				CLANG_WARN_STRICT_PROTOTYPES = YES;
				CLANG_WARN_SUSPICIOUS_MOVE = YES;
				CLANG_WARN_UNGUARDED_AVAILABILITY = YES_AGGRESSIVE;
				CLANG_WARN_UNREACHABLE_CODE = YES;
				CLANG_WARN__DUPLICATE_METHOD_MATCH = YES;
				COPY_PHASE_STRIP = NO;
				DEBUG_INFORMATION_FORMAT = "dwarf-with-dsym";
				ENABLE_NS_ASSERTIONS = NO;
				ENABLE_STRICT_OBJC_MSGSEND = YES;
				GCC_C_LANGUAGE_STANDARD = gnu11;
				GCC_NO_COMMON_BLOCKS = YES;
				GCC_WARN_64_TO_32_BIT_CONVERSION = YES;
				GCC_WARN_ABOUT_RETURN_TYPE = YES_ERROR;
				GCC_WARN_UNDECLARED_SELECTOR = YES;
				GCC_WARN_UNINITIALIZED_AUTOS = YES_AGGRESSIVE;
				GCC_WARN_UNUSED_FUNCTION = YES;
				GCC_WARN_UNUSED_VARIABLE = YES;
				IPHONEOS_DEPLOYMENT_TARGET = 15.2;
				MTL_ENABLE_DEBUG_INFO = NO;
				MTL_FAST_MATH = YES;
				SDKROOT = iphoneos;
				SWIFT_COMPILATION_MODE = wholemodule;
				SWIFT_OPTIMIZATION_LEVEL = "-O";
				VALIDATE_PRODUCT = YES;
			};
			name = Release;
		};
		B5609C2A281554BC004F6D2D /* Debug */ = {
			isa = XCBuildConfiguration;
			buildSettings = {
				ASSETCATALOG_COMPILER_APPICON_NAME = AppIcon;
				ASSETCATALOG_COMPILER_GLOBAL_ACCENT_COLOR_NAME = AccentColor;
				CODE_SIGN_STYLE = Automatic;
				CURRENT_PROJECT_VERSION = 1;
				DEVELOPMENT_ASSET_PATHS = "\"RijksMuseum/Preview Content\"";
				DEVELOPMENT_TEAM = 8LK77AKP63;
				ENABLE_PREVIEWS = YES;
				GENERATE_INFOPLIST_FILE = YES;
				INFOPLIST_KEY_UIApplicationSceneManifest_Generation = YES;
				INFOPLIST_KEY_UIApplicationSupportsIndirectInputEvents = YES;
				INFOPLIST_KEY_UILaunchScreen_Generation = YES;
				INFOPLIST_KEY_UISupportedInterfaceOrientations_iPad = "UIInterfaceOrientationPortrait UIInterfaceOrientationPortraitUpsideDown UIInterfaceOrientationLandscapeLeft UIInterfaceOrientationLandscapeRight";
				INFOPLIST_KEY_UISupportedInterfaceOrientations_iPhone = "UIInterfaceOrientationPortrait UIInterfaceOrientationLandscapeLeft UIInterfaceOrientationLandscapeRight";
				LD_RUNPATH_SEARCH_PATHS = (
					"$(inherited)",
					"@executable_path/Frameworks",
				);
				MARKETING_VERSION = 1.0;
				PRODUCT_BUNDLE_IDENTIFIER = me.rahchamani.RijksMuseum;
				PRODUCT_NAME = "$(TARGET_NAME)";
				SWIFT_EMIT_LOC_STRINGS = YES;
				SWIFT_VERSION = 5.0;
				TARGETED_DEVICE_FAMILY = "1,2";
			};
			name = Debug;
		};
		B5609C2B281554BC004F6D2D /* Release */ = {
			isa = XCBuildConfiguration;
			buildSettings = {
				ASSETCATALOG_COMPILER_APPICON_NAME = AppIcon;
				ASSETCATALOG_COMPILER_GLOBAL_ACCENT_COLOR_NAME = AccentColor;
				CODE_SIGN_STYLE = Automatic;
				CURRENT_PROJECT_VERSION = 1;
				DEVELOPMENT_ASSET_PATHS = "\"RijksMuseum/Preview Content\"";
				DEVELOPMENT_TEAM = 8LK77AKP63;
				ENABLE_PREVIEWS = YES;
				GENERATE_INFOPLIST_FILE = YES;
				INFOPLIST_KEY_UIApplicationSceneManifest_Generation = YES;
				INFOPLIST_KEY_UIApplicationSupportsIndirectInputEvents = YES;
				INFOPLIST_KEY_UILaunchScreen_Generation = YES;
				INFOPLIST_KEY_UISupportedInterfaceOrientations_iPad = "UIInterfaceOrientationPortrait UIInterfaceOrientationPortraitUpsideDown UIInterfaceOrientationLandscapeLeft UIInterfaceOrientationLandscapeRight";
				INFOPLIST_KEY_UISupportedInterfaceOrientations_iPhone = "UIInterfaceOrientationPortrait UIInterfaceOrientationLandscapeLeft UIInterfaceOrientationLandscapeRight";
				LD_RUNPATH_SEARCH_PATHS = (
					"$(inherited)",
					"@executable_path/Frameworks",
				);
				MARKETING_VERSION = 1.0;
				PRODUCT_BUNDLE_IDENTIFIER = me.rahchamani.RijksMuseum;
				PRODUCT_NAME = "$(TARGET_NAME)";
				SWIFT_EMIT_LOC_STRINGS = YES;
				SWIFT_VERSION = 5.0;
				TARGETED_DEVICE_FAMILY = "1,2";
			};
			name = Release;
		};
		B5609C2D281554BC004F6D2D /* Debug */ = {
			isa = XCBuildConfiguration;
			buildSettings = {
				ALWAYS_EMBED_SWIFT_STANDARD_LIBRARIES = YES;
				BUNDLE_LOADER = "$(TEST_HOST)";
				CODE_SIGN_STYLE = Automatic;
				CURRENT_PROJECT_VERSION = 1;
				DEVELOPMENT_TEAM = 8LK77AKP63;
				GENERATE_INFOPLIST_FILE = YES;
				IPHONEOS_DEPLOYMENT_TARGET = 15.2;
				MARKETING_VERSION = 1.0;
				PRODUCT_BUNDLE_IDENTIFIER = me.rahchamani.RijksMuseumTests;
				PRODUCT_NAME = "$(TARGET_NAME)";
				SWIFT_EMIT_LOC_STRINGS = NO;
				SWIFT_VERSION = 5.0;
				TARGETED_DEVICE_FAMILY = "1,2";
				TEST_HOST = "$(BUILT_PRODUCTS_DIR)/RijksMuseum.app/RijksMuseum";
			};
			name = Debug;
		};
		B5609C2E281554BC004F6D2D /* Release */ = {
			isa = XCBuildConfiguration;
			buildSettings = {
				ALWAYS_EMBED_SWIFT_STANDARD_LIBRARIES = YES;
				BUNDLE_LOADER = "$(TEST_HOST)";
				CODE_SIGN_STYLE = Automatic;
				CURRENT_PROJECT_VERSION = 1;
				DEVELOPMENT_TEAM = 8LK77AKP63;
				GENERATE_INFOPLIST_FILE = YES;
				IPHONEOS_DEPLOYMENT_TARGET = 15.2;
				MARKETING_VERSION = 1.0;
				PRODUCT_BUNDLE_IDENTIFIER = me.rahchamani.RijksMuseumTests;
				PRODUCT_NAME = "$(TARGET_NAME)";
				SWIFT_EMIT_LOC_STRINGS = NO;
				SWIFT_VERSION = 5.0;
				TARGETED_DEVICE_FAMILY = "1,2";
				TEST_HOST = "$(BUILT_PRODUCTS_DIR)/RijksMuseum.app/RijksMuseum";
			};
			name = Release;
		};
		B5609C30281554BC004F6D2D /* Debug */ = {
			isa = XCBuildConfiguration;
			buildSettings = {
				ALWAYS_EMBED_SWIFT_STANDARD_LIBRARIES = YES;
				CODE_SIGN_STYLE = Automatic;
				CURRENT_PROJECT_VERSION = 1;
				DEVELOPMENT_TEAM = 8LK77AKP63;
				GENERATE_INFOPLIST_FILE = YES;
				MARKETING_VERSION = 1.0;
				PRODUCT_BUNDLE_IDENTIFIER = me.rahchamani.RijksMuseumUITests;
				PRODUCT_NAME = "$(TARGET_NAME)";
				SWIFT_EMIT_LOC_STRINGS = NO;
				SWIFT_VERSION = 5.0;
				TARGETED_DEVICE_FAMILY = "1,2";
				TEST_TARGET_NAME = RijksMuseum;
			};
			name = Debug;
		};
		B5609C31281554BC004F6D2D /* Release */ = {
			isa = XCBuildConfiguration;
			buildSettings = {
				ALWAYS_EMBED_SWIFT_STANDARD_LIBRARIES = YES;
				CODE_SIGN_STYLE = Automatic;
				CURRENT_PROJECT_VERSION = 1;
				DEVELOPMENT_TEAM = 8LK77AKP63;
				GENERATE_INFOPLIST_FILE = YES;
				MARKETING_VERSION = 1.0;
				PRODUCT_BUNDLE_IDENTIFIER = me.rahchamani.RijksMuseumUITests;
				PRODUCT_NAME = "$(TARGET_NAME)";
				SWIFT_EMIT_LOC_STRINGS = NO;
				SWIFT_VERSION = 5.0;
				TARGETED_DEVICE_FAMILY = "1,2";
				TEST_TARGET_NAME = RijksMuseum;
			};
			name = Release;
		};
/* End XCBuildConfiguration section */

/* Begin XCConfigurationList section */
		B5609C00281554B9004F6D2D /* Build configuration list for PBXProject "RijksMuseum" */ = {
			isa = XCConfigurationList;
			buildConfigurations = (
				B5609C27281554BC004F6D2D /* Debug */,
				B5609C28281554BC004F6D2D /* Release */,
			);
			defaultConfigurationIsVisible = 0;
			defaultConfigurationName = Release;
		};
		B5609C29281554BC004F6D2D /* Build configuration list for PBXNativeTarget "RijksMuseum" */ = {
			isa = XCConfigurationList;
			buildConfigurations = (
				B5609C2A281554BC004F6D2D /* Debug */,
				B5609C2B281554BC004F6D2D /* Release */,
			);
			defaultConfigurationIsVisible = 0;
			defaultConfigurationName = Release;
		};
		B5609C2C281554BC004F6D2D /* Build configuration list for PBXNativeTarget "RijksMuseumTests" */ = {
			isa = XCConfigurationList;
			buildConfigurations = (
				B5609C2D281554BC004F6D2D /* Debug */,
				B5609C2E281554BC004F6D2D /* Release */,
			);
			defaultConfigurationIsVisible = 0;
			defaultConfigurationName = Release;
		};
		B5609C2F281554BC004F6D2D /* Build configuration list for PBXNativeTarget "RijksMuseumUITests" */ = {
			isa = XCConfigurationList;
			buildConfigurations = (
				B5609C30281554BC004F6D2D /* Debug */,
				B5609C31281554BC004F6D2D /* Release */,
			);
			defaultConfigurationIsVisible = 0;
			defaultConfigurationName = Release;
		};
/* End XCConfigurationList section */
	};
	rootObject = B5609BFD281554B9004F6D2D /* Project object */;
}
